// !$*UTF8*$!
{
	archiveVersion = 1;
	classes = {
	};
	objectVersion = 46;
	objects = {
/* Begin PBXBuildFile section */
		067F5A1FA3F645EF84A067F7 /* Safari.m in Sources */ = {isa = PBXBuildFile; fileRef = 631EDF21A20241FFB2695338 /* Safari.m */; };
		1A46807EE2664A8AAD735BA0 /* OpenGLES.framework in Frameworks */ = {isa = PBXBuildFile; fileRef = C953C8BF00DB46E58C5A0F04 /* OpenGLES.framework */; settings = {ATTRIBUTES = (Weak, ); }; };
		1D3623260D0F684500981E51 /* AppDelegate.m in Sources */ = {isa = PBXBuildFile; fileRef = 1D3623250D0F684500981E51 /* AppDelegate.m */; };
		1D60589B0D05DD56006BFB54 /* main.m in Sources */ = {isa = PBXBuildFile; fileRef = 29B97316FDCFA39411CA2CEA /* main.m */; };
		1EA6697B77F54E5EBD92E6C9 /* CDVNotification.bundle in Resources */ = {isa = PBXBuildFile; fileRef = 9F0BC6BE9BAD40D4B86C60A8 /* CDVNotification.bundle */; };
		288765FD0DF74451002DB57D /* CoreGraphics.framework in Frameworks */ = {isa = PBXBuildFile; fileRef = 288765FC0DF74451002DB57D /* CoreGraphics.framework */; };
		301BF552109A68D80062928A /* libCordova.a in Frameworks */ = {isa = PBXBuildFile; fileRef = 301BF535109A57CC0062928A /* libCordova.a */; };
		302D95F114D2391D003F00A1 /* MainViewController.m in Sources */ = {isa = PBXBuildFile; fileRef = 302D95EF14D2391D003F00A1 /* MainViewController.m */; };
		302D95F214D2391D003F00A1 /* MainViewController.xib in Resources */ = {isa = PBXBuildFile; fileRef = 302D95F014D2391D003F00A1 /* MainViewController.xib */; };
		305D5FD1115AB8F900A74A75 /* MobileCoreServices.framework in Frameworks */ = {isa = PBXBuildFile; fileRef = 305D5FD0115AB8F900A74A75 /* MobileCoreServices.framework */; };
		3088BBBD154F3926009F9C59 /* Default-Landscape@2x~ipad.png in Resources */ = {isa = PBXBuildFile; fileRef = 3088BBB7154F3926009F9C59 /* Default-Landscape@2x~ipad.png */; };
		3088BBBE154F3926009F9C59 /* Default-Landscape~ipad.png in Resources */ = {isa = PBXBuildFile; fileRef = 3088BBB8154F3926009F9C59 /* Default-Landscape~ipad.png */; };
		3088BBBF154F3926009F9C59 /* Default-Portrait@2x~ipad.png in Resources */ = {isa = PBXBuildFile; fileRef = 3088BBB9154F3926009F9C59 /* Default-Portrait@2x~ipad.png */; };
		3088BBC0154F3926009F9C59 /* Default-Portrait~ipad.png in Resources */ = {isa = PBXBuildFile; fileRef = 3088BBBA154F3926009F9C59 /* Default-Portrait~ipad.png */; };
		3088BBC1154F3926009F9C59 /* Default@2x~iphone.png in Resources */ = {isa = PBXBuildFile; fileRef = 3088BBBB154F3926009F9C59 /* Default@2x~iphone.png */; };
		3088BBC2154F3926009F9C59 /* Default~iphone.png in Resources */ = {isa = PBXBuildFile; fileRef = 3088BBBC154F3926009F9C59 /* Default~iphone.png */; };
		308D05371370CCF300D202BF /* icon-72.png in Resources */ = {isa = PBXBuildFile; fileRef = 308D052E1370CCF300D202BF /* icon-72.png */; };
		308D05381370CCF300D202BF /* icon.png in Resources */ = {isa = PBXBuildFile; fileRef = 308D052F1370CCF300D202BF /* icon.png */; };
		308D05391370CCF300D202BF /* icon@2x.png in Resources */ = {isa = PBXBuildFile; fileRef = 308D05301370CCF300D202BF /* icon@2x.png */; };
		30B4F30019D5E07200D9F7D8 /* Default-667h.png in Resources */ = {isa = PBXBuildFile; fileRef = 30B4F2FD19D5E07200D9F7D8 /* Default-667h.png */; };
		30B4F30119D5E07200D9F7D8 /* Default-736h.png in Resources */ = {isa = PBXBuildFile; fileRef = 30B4F2FE19D5E07200D9F7D8 /* Default-736h.png */; };
		30B4F30219D5E07200D9F7D8 /* Default-Landscape-736h.png in Resources */ = {isa = PBXBuildFile; fileRef = 30B4F2FF19D5E07200D9F7D8 /* Default-Landscape-736h.png */; };
		30C1856619D5FC0A00212699 /* icon-60@3x.png in Resources */ = {isa = PBXBuildFile; fileRef = 30C1856519D5FC0A00212699 /* icon-60@3x.png */; };
		30FC414916E50CA1004E6F35 /* icon-72@2x.png in Resources */ = {isa = PBXBuildFile; fileRef = 30FC414816E50CA1004E6F35 /* icon-72@2x.png */; };
		312C8E01D9B44A8D989E67B7 /* CountlyDB.m in Sources */ = {isa = PBXBuildFile; fileRef = 5A87E297FBF045EB9B3E00F6 /* CountlyDB.m */; settings = {COMPILER_FLAGS = "-fno-objc-arc"; }; };
		37B0CB01F3C742DF8C5D067D /* Countly.xcdatamodeld in Sources */ = {isa = PBXBuildFile; fileRef = 46A2366E0C964462AB5FE064 /* Countly.xcdatamodeld */; };
		42AFB8E9986A44D5ADB5F2C9 /* APPEmailComposer.m in Sources */ = {isa = PBXBuildFile; fileRef = 7DA9195244EF48DA9F7BD297 /* APPEmailComposer.m */; };
		45AB6BC140F54E3498B11600 /* CountlyCordova.m in Sources */ = {isa = PBXBuildFile; fileRef = 977D6717825F42178C29891B /* CountlyCordova.m */; };
		4AEE620744AB4B799C4E78EF /* CDVViewController+SplashScreen.m in Sources */ = {isa = PBXBuildFile; fileRef = CC4BBBD2121949AA962FC496 /* CDVViewController+SplashScreen.m */; };
		4C28B44023A34CB59FF3AAAE /* HWPHello.m in Sources */ = {isa = PBXBuildFile; fileRef = 6C07AD7B073B4DD59100B98F /* HWPHello.m */; };
		4DBFA34F94FD4BB0B286758B /* CoreData.framework in Frameworks */ = {isa = PBXBuildFile; fileRef = 32697E917546463B810BBAF0 /* CoreData.framework */; settings = {ATTRIBUTES = (Weak, ); }; };
		4E69EC8BA00640B5850D3A0F /* CDVLocation.m in Sources */ = {isa = PBXBuildFile; fileRef = 48B66CE54779448A86680379 /* CDVLocation.m */; };
		56B1A5A580204837A4A3E7CA /* CDVSplashScreen.m in Sources */ = {isa = PBXBuildFile; fileRef = 4E14B033D5EA48D8AA578F37 /* CDVSplashScreen.m */; };
		5B1594DD16A7569C00FEF299 /* AssetsLibrary.framework in Frameworks */ = {isa = PBXBuildFile; fileRef = 5B1594DC16A7569C00FEF299 /* AssetsLibrary.framework */; };
		67C36EF9059E41A2B86E173A /* CoreLocation.framework in Frameworks */ = {isa = PBXBuildFile; fileRef = D7832FA147DB4B8FA404F755 /* CoreLocation.framework */; };
		7BAFBAE9E1E84D58834BA241 /* Countly_OpenUDID.m in Sources */ = {isa = PBXBuildFile; fileRef = 9F53867BC81643529E96A6C5 /* Countly_OpenUDID.m */; settings = {COMPILER_FLAGS = "-fno-objc-arc"; }; };
		7E7966DE1810823500FA85AD /* icon-40.png in Resources */ = {isa = PBXBuildFile; fileRef = 7E7966D41810823500FA85AD /* icon-40.png */; };
		7E7966DF1810823500FA85AD /* icon-40@2x.png in Resources */ = {isa = PBXBuildFile; fileRef = 7E7966D51810823500FA85AD /* icon-40@2x.png */; };
		7E7966E01810823500FA85AD /* icon-50.png in Resources */ = {isa = PBXBuildFile; fileRef = 7E7966D61810823500FA85AD /* icon-50.png */; };
		7E7966E11810823500FA85AD /* icon-50@2x.png in Resources */ = {isa = PBXBuildFile; fileRef = 7E7966D71810823500FA85AD /* icon-50@2x.png */; };
		7E7966E21810823500FA85AD /* icon-60.png in Resources */ = {isa = PBXBuildFile; fileRef = 7E7966D81810823500FA85AD /* icon-60.png */; };
		7E7966E31810823500FA85AD /* icon-60@2x.png in Resources */ = {isa = PBXBuildFile; fileRef = 7E7966D91810823500FA85AD /* icon-60@2x.png */; };
		7E7966E41810823500FA85AD /* icon-76.png in Resources */ = {isa = PBXBuildFile; fileRef = 7E7966DA1810823500FA85AD /* icon-76.png */; };
		7E7966E51810823500FA85AD /* icon-76@2x.png in Resources */ = {isa = PBXBuildFile; fileRef = 7E7966DB1810823500FA85AD /* icon-76@2x.png */; };
		7E7966E61810823500FA85AD /* icon-small.png in Resources */ = {isa = PBXBuildFile; fileRef = 7E7966DC1810823500FA85AD /* icon-small.png */; };
		7E7966E71810823500FA85AD /* icon-small@2x.png in Resources */ = {isa = PBXBuildFile; fileRef = 7E7966DD1810823500FA85AD /* icon-small@2x.png */; };
		9722D9426CF0496FBE8E7669 /* CoreTelephony.framework in Frameworks */ = {isa = PBXBuildFile; fileRef = 099D84C12B00426EB9F29115 /* CoreTelephony.framework */; settings = {ATTRIBUTES = (Weak, ); }; };
		9D5ABDE6C6CA4720A0B3A34F /* MessageUI.framework in Frameworks */ = {isa = PBXBuildFile; fileRef = CBCC25AFAF2F4096A6AFB23B /* MessageUI.framework */; settings = {ATTRIBUTES = (Weak, ); }; };
		9E809FF25F724DB49DA4254F /* Countly.m in Sources */ = {isa = PBXBuildFile; fileRef = FCC27203D7604FEEB09E21DA /* Countly.m */; settings = {COMPILER_FLAGS = "-fno-objc-arc"; }; };
		A61A9D7A13204349843461EF /* Sms.m in Sources */ = {isa = PBXBuildFile; fileRef = 540958D051984E9FA96FDDB0 /* Sms.m */; };
		A6E102650B8D4C0F8194820A /* Sms.h in Sources */ = {isa = PBXBuildFile; fileRef = 2B68B22127FC47DAB24B5F61 /* Sms.h */; };
		C22207CFF0F74E0D8EAF1E65 /* AudioToolbox.framework in Frameworks */ = {isa = PBXBuildFile; fileRef = 6A5690F4B8F848F6AC1C5792 /* AudioToolbox.framework */; settings = {ATTRIBUTES = (Weak, ); }; };
		D4A0D8761607E02300AEF8BB /* Default-568h@2x~iphone.png in Resources */ = {isa = PBXBuildFile; fileRef = D4A0D8751607E02300AEF8BB /* Default-568h@2x~iphone.png */; };
		DCC03EA06DCE40E2BA690D56 /* CDVNotification.m in Sources */ = {isa = PBXBuildFile; fileRef = 066697B12D784CEBB7B0DB79 /* CDVNotification.m */; };
		E4DD9DCE4756487EB09E29AD /* CDVGlobalization.m in Sources */ = {isa = PBXBuildFile; fileRef = 92FC0209A97A4FA8B5DAB18E /* CDVGlobalization.m */; };
		E83B19CAD2644A14B8015548 /* CDVLogger.m in Sources */ = {isa = PBXBuildFile; fileRef = 3EDA7AA878B04B8C8340FBD0 /* CDVLogger.m */; };
/* End PBXBuildFile section */

/* Begin PBXContainerItemProxy section */
		301BF534109A57CC0062928A /* PBXContainerItemProxy */ = {
			isa = PBXContainerItemProxy;
			containerPortal = 301BF52D109A57CC0062928A /* CordovaLib.xcodeproj */;
			proxyType = 2;
			remoteGlobalIDString = D2AAC07E0554694100DB518D;
			remoteInfo = CordovaLib;
		};
		301BF550109A68C00062928A /* PBXContainerItemProxy */ = {
			isa = PBXContainerItemProxy;
			containerPortal = 301BF52D109A57CC0062928A /* CordovaLib.xcodeproj */;
			proxyType = 1;
			remoteGlobalIDString = D2AAC07D0554694100DB518D;
			remoteInfo = CordovaLib;
		};
/* End PBXContainerItemProxy section */

/* Begin PBXFileReference section */
		066697B12D784CEBB7B0DB79 /* CDVNotification.m */ = {isa = PBXFileReference; fileEncoding = 4; lastKnownFileType = sourcecode.c.objc; name = CDVNotification.m; path = "cordova-plugin-dialogs/CDVNotification.m"; sourceTree = "<group>"; };
		099D84C12B00426EB9F29115 /* CoreTelephony.framework */ = {isa = PBXFileReference; fileEncoding = 4; lastKnownFileType = wrapper.framework; name = CoreTelephony.framework; path = System/Library/Frameworks/CoreTelephony.framework; sourceTree = SDKROOT; };
		0CA357CEA46B49F08F90E312 /* CDVNotification.h */ = {isa = PBXFileReference; fileEncoding = 4; lastKnownFileType = sourcecode.c.h; name = CDVNotification.h; path = "cordova-plugin-dialogs/CDVNotification.h"; sourceTree = "<group>"; };
		0DA1689F4D2048B792030202 /* APPEmailComposer.h */ = {isa = PBXFileReference; fileEncoding = 4; lastKnownFileType = sourcecode.c.h; name = APPEmailComposer.h; path = "de.appplant.cordova.plugin.email-composer/APPEmailComposer.h"; sourceTree = "<group>"; };
		1D3623240D0F684500981E51 /* AppDelegate.h */ = {isa = PBXFileReference; fileEncoding = 4; lastKnownFileType = sourcecode.c.h; path = AppDelegate.h; sourceTree = "<group>"; };
		1D3623250D0F684500981E51 /* AppDelegate.m */ = {isa = PBXFileReference; fileEncoding = 4; lastKnownFileType = sourcecode.c.objc; path = AppDelegate.m; sourceTree = "<group>"; };
		1D6058910D05DD3D006BFB54 /* Timetrackr.mobi-Premium.app */ = {isa = PBXFileReference; explicitFileType = wrapper.application; includeInIndex = 0; path = "Timetrackr.mobi-Premium.app"; sourceTree = BUILT_PRODUCTS_DIR; };
		288765FC0DF74451002DB57D /* CoreGraphics.framework */ = {isa = PBXFileReference; lastKnownFileType = wrapper.framework; name = CoreGraphics.framework; path = System/Library/Frameworks/CoreGraphics.framework; sourceTree = SDKROOT; };
		29B97316FDCFA39411CA2CEA /* main.m */ = {isa = PBXFileReference; fileEncoding = 4; lastKnownFileType = sourcecode.c.objc; path = main.m; sourceTree = "<group>"; };
		2B68B22127FC47DAB24B5F61 /* Sms.h */ = {isa = PBXFileReference; fileEncoding = 4; lastKnownFileType = sourcecode.c.h; name = Sms.h; path = com.jsmobile.plugins.sms/Sms.h; sourceTree = "<group>"; };
		301BF52D109A57CC0062928A /* CordovaLib.xcodeproj */ = {isa = PBXFileReference; lastKnownFileType = "wrapper.pb-project"; name = CordovaLib.xcodeproj; path = CordovaLib/CordovaLib.xcodeproj; sourceTree = "<group>"; };
		301BF56E109A69640062928A /* www */ = {isa = PBXFileReference; lastKnownFileType = folder; path = www; sourceTree = SOURCE_ROOT; };
		302D95EE14D2391D003F00A1 /* MainViewController.h */ = {isa = PBXFileReference; fileEncoding = 4; lastKnownFileType = sourcecode.c.h; path = MainViewController.h; sourceTree = "<group>"; };
		302D95EF14D2391D003F00A1 /* MainViewController.m */ = {isa = PBXFileReference; fileEncoding = 4; lastKnownFileType = sourcecode.c.objc; path = MainViewController.m; sourceTree = "<group>"; };
		302D95F014D2391D003F00A1 /* MainViewController.xib */ = {isa = PBXFileReference; fileEncoding = 4; lastKnownFileType = file.xib; path = MainViewController.xib; sourceTree = "<group>"; };
		305D5FD0115AB8F900A74A75 /* MobileCoreServices.framework */ = {isa = PBXFileReference; lastKnownFileType = wrapper.framework; name = MobileCoreServices.framework; path = System/Library/Frameworks/MobileCoreServices.framework; sourceTree = SDKROOT; };
		3088BBB7154F3926009F9C59 /* Default-Landscape@2x~ipad.png */ = {isa = PBXFileReference; lastKnownFileType = image.png; path = "Default-Landscape@2x~ipad.png"; sourceTree = "<group>"; };
		3088BBB8154F3926009F9C59 /* Default-Landscape~ipad.png */ = {isa = PBXFileReference; lastKnownFileType = image.png; path = "Default-Landscape~ipad.png"; sourceTree = "<group>"; };
		3088BBB9154F3926009F9C59 /* Default-Portrait@2x~ipad.png */ = {isa = PBXFileReference; lastKnownFileType = image.png; path = "Default-Portrait@2x~ipad.png"; sourceTree = "<group>"; };
		3088BBBA154F3926009F9C59 /* Default-Portrait~ipad.png */ = {isa = PBXFileReference; lastKnownFileType = image.png; path = "Default-Portrait~ipad.png"; sourceTree = "<group>"; };
		3088BBBB154F3926009F9C59 /* Default@2x~iphone.png */ = {isa = PBXFileReference; lastKnownFileType = image.png; path = "Default@2x~iphone.png"; sourceTree = "<group>"; };
		3088BBBC154F3926009F9C59 /* Default~iphone.png */ = {isa = PBXFileReference; lastKnownFileType = image.png; path = "Default~iphone.png"; sourceTree = "<group>"; };
		308D052E1370CCF300D202BF /* icon-72.png */ = {isa = PBXFileReference; lastKnownFileType = image.png; path = "icon-72.png"; sourceTree = "<group>"; };
		308D052F1370CCF300D202BF /* icon.png */ = {isa = PBXFileReference; lastKnownFileType = image.png; path = icon.png; sourceTree = "<group>"; };
		308D05301370CCF300D202BF /* icon@2x.png */ = {isa = PBXFileReference; lastKnownFileType = image.png; path = "icon@2x.png"; sourceTree = "<group>"; };
		30B4F2FD19D5E07200D9F7D8 /* Default-667h.png */ = {isa = PBXFileReference; lastKnownFileType = image.png; path = "Default-667h.png"; sourceTree = "<group>"; };
		30B4F2FE19D5E07200D9F7D8 /* Default-736h.png */ = {isa = PBXFileReference; lastKnownFileType = image.png; path = "Default-736h.png"; sourceTree = "<group>"; };
		30B4F2FF19D5E07200D9F7D8 /* Default-Landscape-736h.png */ = {isa = PBXFileReference; lastKnownFileType = image.png; path = "Default-Landscape-736h.png"; sourceTree = "<group>"; };
		30C1856519D5FC0A00212699 /* icon-60@3x.png */ = {isa = PBXFileReference; lastKnownFileType = image.png; path = "icon-60@3x.png"; sourceTree = "<group>"; };
		30FC414816E50CA1004E6F35 /* icon-72@2x.png */ = {isa = PBXFileReference; lastKnownFileType = image.png; path = "icon-72@2x.png"; sourceTree = "<group>"; };
		32697E917546463B810BBAF0 /* CoreData.framework */ = {isa = PBXFileReference; fileEncoding = 4; lastKnownFileType = wrapper.framework; name = CoreData.framework; path = System/Library/Frameworks/CoreData.framework; sourceTree = SDKROOT; };
		32CA4F630368D1EE00C91783 /* Timetrackr.mobi-Premium-Prefix.pch */ = {isa = PBXFileReference; fileEncoding = 4; lastKnownFileType = sourcecode.c.h; path = "Timetrackr.mobi-Premium-Prefix.pch"; sourceTree = "<group>"; };
		39688F33D387494BB2D443A4 /* Safari.h */ = {isa = PBXFileReference; fileEncoding = 4; lastKnownFileType = sourcecode.c.h; name = Safari.h; path = "cordova-plugin-ios-safari/Safari.h"; sourceTree = "<group>"; };
		3D1AC7A5C3444F6894768E0A /* CDVGlobalization.h */ = {isa = PBXFileReference; fileEncoding = 4; lastKnownFileType = sourcecode.c.h; name = CDVGlobalization.h; path = "cordova-plugin-globalization/CDVGlobalization.h"; sourceTree = "<group>"; };
		3EDA7AA878B04B8C8340FBD0 /* CDVLogger.m */ = {isa = PBXFileReference; fileEncoding = 4; lastKnownFileType = sourcecode.c.objc; name = CDVLogger.m; path = "cordova-plugin-console/CDVLogger.m"; sourceTree = "<group>"; };
		40C1DF1859A144BA8259E742 /* Countly_OpenUDID.h */ = {isa = PBXFileReference; fileEncoding = 4; lastKnownFileType = sourcecode.c.h; name = Countly_OpenUDID.h; path = ly.count.cordova/Countly_OpenUDID.h; sourceTree = "<group>"; };
		46A2366E0C964462AB5FE064 /* Countly.xcdatamodeld */ = {isa = PBXFileReference; fileEncoding = 4; lastKnownFileType = unknown; name = Countly.xcdatamodeld; path = ly.count.cordova/Countly.xcdatamodeld; sourceTree = "<group>"; };
		48B66CE54779448A86680379 /* CDVLocation.m */ = {isa = PBXFileReference; fileEncoding = 4; lastKnownFileType = sourcecode.c.objc; name = CDVLocation.m; path = "cordova-plugin-geolocation/CDVLocation.m"; sourceTree = "<group>"; };
		4E14B033D5EA48D8AA578F37 /* CDVSplashScreen.m */ = {isa = PBXFileReference; fileEncoding = 4; lastKnownFileType = sourcecode.c.objc; name = CDVSplashScreen.m; path = "cordova-plugin-splashscreen/CDVSplashScreen.m"; sourceTree = "<group>"; };
		540958D051984E9FA96FDDB0 /* Sms.m */ = {isa = PBXFileReference; fileEncoding = 4; lastKnownFileType = sourcecode.c.objc; name = Sms.m; path = com.jsmobile.plugins.sms/Sms.m; sourceTree = "<group>"; };
		543975E6702F4D1FA676D125 /* HWPHello.h */ = {isa = PBXFileReference; fileEncoding = 4; lastKnownFileType = sourcecode.c.h; name = HWPHello.h; path = com.example.hello/HelloPlugin/HWPHello.h; sourceTree = "<group>"; };
		5A87E297FBF045EB9B3E00F6 /* CountlyDB.m */ = {isa = PBXFileReference; fileEncoding = 4; lastKnownFileType = sourcecode.c.objc; name = CountlyDB.m; path = ly.count.cordova/CountlyDB.m; sourceTree = "<group>"; };
		5B1594DC16A7569C00FEF299 /* AssetsLibrary.framework */ = {isa = PBXFileReference; lastKnownFileType = wrapper.framework; name = AssetsLibrary.framework; path = System/Library/Frameworks/AssetsLibrary.framework; sourceTree = SDKROOT; };
		631EDF21A20241FFB2695338 /* Safari.m */ = {isa = PBXFileReference; fileEncoding = 4; lastKnownFileType = sourcecode.c.objc; name = Safari.m; path = "cordova-plugin-ios-safari/Safari.m"; sourceTree = "<group>"; };
		6A5690F4B8F848F6AC1C5792 /* AudioToolbox.framework */ = {isa = PBXFileReference; fileEncoding = 4; lastKnownFileType = wrapper.framework; name = AudioToolbox.framework; path = System/Library/Frameworks/AudioToolbox.framework; sourceTree = SDKROOT; };
		6C07AD7B073B4DD59100B98F /* HWPHello.m */ = {isa = PBXFileReference; fileEncoding = 4; lastKnownFileType = sourcecode.c.objc; name = HWPHello.m; path = com.example.hello/HelloPlugin/HWPHello.m; sourceTree = "<group>"; };
		6FCACCF5E7314385A9CC5783 /* CountlyDB.h */ = {isa = PBXFileReference; fileEncoding = 4; lastKnownFileType = sourcecode.c.h; name = CountlyDB.h; path = ly.count.cordova/CountlyDB.h; sourceTree = "<group>"; };
		7DA9195244EF48DA9F7BD297 /* APPEmailComposer.m */ = {isa = PBXFileReference; fileEncoding = 4; lastKnownFileType = sourcecode.c.objc; name = APPEmailComposer.m; path = "de.appplant.cordova.plugin.email-composer/APPEmailComposer.m"; sourceTree = "<group>"; };
		7E7966D41810823500FA85AD /* icon-40.png */ = {isa = PBXFileReference; lastKnownFileType = image.png; path = "icon-40.png"; sourceTree = "<group>"; };
		7E7966D51810823500FA85AD /* icon-40@2x.png */ = {isa = PBXFileReference; lastKnownFileType = image.png; path = "icon-40@2x.png"; sourceTree = "<group>"; };
		7E7966D61810823500FA85AD /* icon-50.png */ = {isa = PBXFileReference; lastKnownFileType = image.png; path = "icon-50.png"; sourceTree = "<group>"; };
		7E7966D71810823500FA85AD /* icon-50@2x.png */ = {isa = PBXFileReference; lastKnownFileType = image.png; path = "icon-50@2x.png"; sourceTree = "<group>"; };
		7E7966D81810823500FA85AD /* icon-60.png */ = {isa = PBXFileReference; lastKnownFileType = image.png; path = "icon-60.png"; sourceTree = "<group>"; };
		7E7966D91810823500FA85AD /* icon-60@2x.png */ = {isa = PBXFileReference; lastKnownFileType = image.png; path = "icon-60@2x.png"; sourceTree = "<group>"; };
		7E7966DA1810823500FA85AD /* icon-76.png */ = {isa = PBXFileReference; lastKnownFileType = image.png; path = "icon-76.png"; sourceTree = "<group>"; };
		7E7966DB1810823500FA85AD /* icon-76@2x.png */ = {isa = PBXFileReference; lastKnownFileType = image.png; path = "icon-76@2x.png"; sourceTree = "<group>"; };
		7E7966DC1810823500FA85AD /* icon-small.png */ = {isa = PBXFileReference; lastKnownFileType = image.png; path = "icon-small.png"; sourceTree = "<group>"; };
		7E7966DD1810823500FA85AD /* icon-small@2x.png */ = {isa = PBXFileReference; lastKnownFileType = image.png; path = "icon-small@2x.png"; sourceTree = "<group>"; };
		87419F67C344400EA5ED488E /* CDVLocation.h */ = {isa = PBXFileReference; fileEncoding = 4; lastKnownFileType = sourcecode.c.h; name = CDVLocation.h; path = "cordova-plugin-geolocation/CDVLocation.h"; sourceTree = "<group>"; };
		8D1107310486CEB800E47090 /* Timetrackr.mobi-Premium-Info.plist */ = {isa = PBXFileReference; fileEncoding = 4; lastKnownFileType = text.plist.xml; name = "Timetrackr.mobi-Premium-Info.plist"; path = "../Timetrackr.mobi-Premium-Info.plist"; plistStructureDefinitionIdentifier = "com.apple.xcode.plist.structure-definition.iphone.info-plist"; sourceTree = "<group>"; };
		92FC0209A97A4FA8B5DAB18E /* CDVGlobalization.m */ = {isa = PBXFileReference; fileEncoding = 4; lastKnownFileType = sourcecode.c.objc; name = CDVGlobalization.m; path = "cordova-plugin-globalization/CDVGlobalization.m"; sourceTree = "<group>"; };
		977D6717825F42178C29891B /* CountlyCordova.m */ = {isa = PBXFileReference; fileEncoding = 4; lastKnownFileType = sourcecode.c.objc; name = CountlyCordova.m; path = ly.count.cordova/CountlyCordova.m; sourceTree = "<group>"; };
		9F0BC6BE9BAD40D4B86C60A8 /* CDVNotification.bundle */ = {isa = PBXFileReference; lastKnownFileType = "wrapper.plug-in"; path = CDVNotification.bundle; sourceTree = "<group>"; };
		9F53867BC81643529E96A6C5 /* Countly_OpenUDID.m */ = {isa = PBXFileReference; fileEncoding = 4; lastKnownFileType = sourcecode.c.objc; name = Countly_OpenUDID.m; path = ly.count.cordova/Countly_OpenUDID.m; sourceTree = "<group>"; };
		A662BD26A9814E72992D1602 /* Countly.h */ = {isa = PBXFileReference; fileEncoding = 4; lastKnownFileType = sourcecode.c.h; name = Countly.h; path = ly.count.cordova/Countly.h; sourceTree = "<group>"; };
		A75D73EA7BA6492EB471F929 /* CDVSplashScreen.h */ = {isa = PBXFileReference; fileEncoding = 4; lastKnownFileType = sourcecode.c.h; name = CDVSplashScreen.h; path = "cordova-plugin-splashscreen/CDVSplashScreen.h"; sourceTree = "<group>"; };
		C031AA7EC2FF440CBAE5CC38 /* CDVLogger.h */ = {isa = PBXFileReference; fileEncoding = 4; lastKnownFileType = sourcecode.c.h; name = CDVLogger.h; path = "cordova-plugin-console/CDVLogger.h"; sourceTree = "<group>"; };
		C65AAEA1419640C2AB95C957 /* CDVViewController+SplashScreen.h */ = {isa = PBXFileReference; fileEncoding = 4; lastKnownFileType = sourcecode.c.h; name = "CDVViewController+SplashScreen.h"; path = "cordova-plugin-splashscreen/CDVViewController+SplashScreen.h"; sourceTree = "<group>"; };
		C953C8BF00DB46E58C5A0F04 /* OpenGLES.framework */ = {isa = PBXFileReference; fileEncoding = 4; lastKnownFileType = wrapper.framework; name = OpenGLES.framework; path = System/Library/Frameworks/OpenGLES.framework; sourceTree = SDKROOT; };
		CBCC25AFAF2F4096A6AFB23B /* MessageUI.framework */ = {isa = PBXFileReference; fileEncoding = 4; lastKnownFileType = wrapper.framework; name = MessageUI.framework; path = System/Library/Frameworks/MessageUI.framework; sourceTree = SDKROOT; };
		CBE7CD4928F445C6B7FA44F7 /* CountlyCordova.h */ = {isa = PBXFileReference; fileEncoding = 4; lastKnownFileType = sourcecode.c.h; name = CountlyCordova.h; path = ly.count.cordova/CountlyCordova.h; sourceTree = "<group>"; };
		CC4BBBD2121949AA962FC496 /* CDVViewController+SplashScreen.m */ = {isa = PBXFileReference; fileEncoding = 4; lastKnownFileType = sourcecode.c.objc; name = "CDVViewController+SplashScreen.m"; path = "cordova-plugin-splashscreen/CDVViewController+SplashScreen.m"; sourceTree = "<group>"; };
		D4A0D8751607E02300AEF8BB /* Default-568h@2x~iphone.png */ = {isa = PBXFileReference; lastKnownFileType = image.png; path = "Default-568h@2x~iphone.png"; sourceTree = "<group>"; };
		D7832FA147DB4B8FA404F755 /* CoreLocation.framework */ = {isa = PBXFileReference; fileEncoding = 4; lastKnownFileType = wrapper.framework; name = CoreLocation.framework; path = System/Library/Frameworks/CoreLocation.framework; sourceTree = SDKROOT; };
		EB87FDF21871DA7A0020F90C /* merges */ = {isa = PBXFileReference; lastKnownFileType = folder; name = merges; path = ../../merges; sourceTree = "<group>"; };
		EB87FDF31871DA8E0020F90C /* www */ = {isa = PBXFileReference; lastKnownFileType = folder; name = www; path = ../../www; sourceTree = "<group>"; };
		EB87FDF41871DAF40020F90C /* config.xml */ = {isa = PBXFileReference; lastKnownFileType = text.xml; name = config.xml; path = ../../config.xml; sourceTree = "<group>"; };
		F840E1F0165FE0F500CFE078 /* config.xml */ = {isa = PBXFileReference; lastKnownFileType = text.xml; name = config.xml; path = "Timetrackr.mobi-Premium/config.xml"; sourceTree = "<group>"; };
		FCC27203D7604FEEB09E21DA /* Countly.m */ = {isa = PBXFileReference; fileEncoding = 4; lastKnownFileType = sourcecode.c.objc; name = Countly.m; path = ly.count.cordova/Countly.m; sourceTree = "<group>"; };
/* End PBXFileReference section */

/* Begin PBXFrameworksBuildPhase section */
		1D60588F0D05DD3D006BFB54 /* Frameworks */ = {
			isa = PBXFrameworksBuildPhase;
			buildActionMask = 2147483647;
			files = (
				5B1594DD16A7569C00FEF299 /* AssetsLibrary.framework in Frameworks */,
				301BF552109A68D80062928A /* libCordova.a in Frameworks */,
				288765FD0DF74451002DB57D /* CoreGraphics.framework in Frameworks */,
				305D5FD1115AB8F900A74A75 /* MobileCoreServices.framework in Frameworks */,
				67C36EF9059E41A2B86E173A /* CoreLocation.framework in Frameworks */,
				4DBFA34F94FD4BB0B286758B /* CoreData.framework in Frameworks */,
				1A46807EE2664A8AAD735BA0 /* OpenGLES.framework in Frameworks */,
				9D5ABDE6C6CA4720A0B3A34F /* MessageUI.framework in Frameworks */,
				C22207CFF0F74E0D8EAF1E65 /* AudioToolbox.framework in Frameworks */,
				9722D9426CF0496FBE8E7669 /* CoreTelephony.framework in Frameworks */,
			);
			runOnlyForDeploymentPostprocessing = 0;
		};
/* End PBXFrameworksBuildPhase section */

/* Begin PBXGroup section */
		080E96DDFE201D6D7F000001 /* Classes */ = {
			isa = PBXGroup;
			children = (
				302D95EE14D2391D003F00A1 /* MainViewController.h */,
				302D95EF14D2391D003F00A1 /* MainViewController.m */,
				302D95F014D2391D003F00A1 /* MainViewController.xib */,
				1D3623240D0F684500981E51 /* AppDelegate.h */,
				1D3623250D0F684500981E51 /* AppDelegate.m */,
			);
			name = Classes;
			path = "Timetrackr.mobi-Premium/Classes";
			sourceTree = SOURCE_ROOT;
		};
		19C28FACFE9D520D11CA2CBB /* Products */ = {
			isa = PBXGroup;
			children = (
				1D6058910D05DD3D006BFB54 /* Timetrackr.mobi-Premium.app */,
			);
			name = Products;
			sourceTree = "<group>";
		};
		29B97314FDCFA39411CA2CEA /* CustomTemplate */ = {
			isa = PBXGroup;
			children = (
				EB87FDF41871DAF40020F90C /* config.xml */,
				EB87FDF31871DA8E0020F90C /* www */,
				EB87FDF21871DA7A0020F90C /* merges */,
				EB87FDF11871DA420020F90C /* Staging */,
				301BF52D109A57CC0062928A /* CordovaLib.xcodeproj */,
				080E96DDFE201D6D7F000001 /* Classes */,
				307C750510C5A3420062BCA9 /* Plugins */,
				29B97315FDCFA39411CA2CEA /* Other Sources */,
				29B97317FDCFA39411CA2CEA /* Resources */,
				29B97323FDCFA39411CA2CEA /* Frameworks */,
				19C28FACFE9D520D11CA2CBB /* Products */,
			);
			name = CustomTemplate;
			sourceTree = "<group>";
		};
		29B97315FDCFA39411CA2CEA /* Other Sources */ = {
			isa = PBXGroup;
			children = (
				32CA4F630368D1EE00C91783 /* Timetrackr.mobi-Premium-Prefix.pch */,
				29B97316FDCFA39411CA2CEA /* main.m */,
			);
			name = "Other Sources";
			path = "Timetrackr.mobi-Premium";
			sourceTree = "<group>";
		};
		29B97317FDCFA39411CA2CEA /* Resources */ = {
			isa = PBXGroup;
			children = (
				308D052D1370CCF300D202BF /* icons */,
				308D05311370CCF300D202BF /* splash */,
				8D1107310486CEB800E47090 /* Timetrackr.mobi-Premium-Info.plist */,
				9F0BC6BE9BAD40D4B86C60A8 /* CDVNotification.bundle */,
			);
			name = Resources;
			path = "Timetrackr.mobi-Premium/Resources";
			sourceTree = "<group>";
		};
		29B97323FDCFA39411CA2CEA /* Frameworks */ = {
			isa = PBXGroup;
			children = (
				5B1594DC16A7569C00FEF299 /* AssetsLibrary.framework */,
				288765FC0DF74451002DB57D /* CoreGraphics.framework */,
				305D5FD0115AB8F900A74A75 /* MobileCoreServices.framework */,
				D7832FA147DB4B8FA404F755 /* CoreLocation.framework */,
				32697E917546463B810BBAF0 /* CoreData.framework */,
				C953C8BF00DB46E58C5A0F04 /* OpenGLES.framework */,
				CBCC25AFAF2F4096A6AFB23B /* MessageUI.framework */,
				6A5690F4B8F848F6AC1C5792 /* AudioToolbox.framework */,
				099D84C12B00426EB9F29115 /* CoreTelephony.framework */,
			);
			name = Frameworks;
			sourceTree = "<group>";
		};
		301BF52E109A57CC0062928A /* Products */ = {
			isa = PBXGroup;
			children = (
				301BF535109A57CC0062928A /* libCordova.a */,
			);
			name = Products;
			sourceTree = "<group>";
		};
		307C750510C5A3420062BCA9 /* Plugins */ = {
			isa = PBXGroup;
			children = (
				6C07AD7B073B4DD59100B98F /* HWPHello.m */,
				543975E6702F4D1FA676D125 /* HWPHello.h */,
				2B68B22127FC47DAB24B5F61 /* Sms.h */,
				540958D051984E9FA96FDDB0 /* Sms.m */,
				3EDA7AA878B04B8C8340FBD0 /* CDVLogger.m */,
				C031AA7EC2FF440CBAE5CC38 /* CDVLogger.h */,
				066697B12D784CEBB7B0DB79 /* CDVNotification.m */,
				0CA357CEA46B49F08F90E312 /* CDVNotification.h */,
				48B66CE54779448A86680379 /* CDVLocation.m */,
				87419F67C344400EA5ED488E /* CDVLocation.h */,
				92FC0209A97A4FA8B5DAB18E /* CDVGlobalization.m */,
				3D1AC7A5C3444F6894768E0A /* CDVGlobalization.h */,
				631EDF21A20241FFB2695338 /* Safari.m */,
				39688F33D387494BB2D443A4 /* Safari.h */,
				4E14B033D5EA48D8AA578F37 /* CDVSplashScreen.m */,
				CC4BBBD2121949AA962FC496 /* CDVViewController+SplashScreen.m */,
				A75D73EA7BA6492EB471F929 /* CDVSplashScreen.h */,
				C65AAEA1419640C2AB95C957 /* CDVViewController+SplashScreen.h */,
				7DA9195244EF48DA9F7BD297 /* APPEmailComposer.m */,
				0DA1689F4D2048B792030202 /* APPEmailComposer.h */,
				FCC27203D7604FEEB09E21DA /* Countly.m */,
				5A87E297FBF045EB9B3E00F6 /* CountlyDB.m */,
				9F53867BC81643529E96A6C5 /* Countly_OpenUDID.m */,
				46A2366E0C964462AB5FE064 /* Countly.xcdatamodeld */,
				977D6717825F42178C29891B /* CountlyCordova.m */,
				A662BD26A9814E72992D1602 /* Countly.h */,
				6FCACCF5E7314385A9CC5783 /* CountlyDB.h */,
				40C1DF1859A144BA8259E742 /* Countly_OpenUDID.h */,
				CBE7CD4928F445C6B7FA44F7 /* CountlyCordova.h */,
			);
			name = Plugins;
			path = "Timetrackr.mobi-Premium/Plugins";
			sourceTree = SOURCE_ROOT;
		};
		308D052D1370CCF300D202BF /* icons */ = {
			isa = PBXGroup;
			children = (
				30C1856519D5FC0A00212699 /* icon-60@3x.png */,
				7E7966D41810823500FA85AD /* icon-40.png */,
				7E7966D51810823500FA85AD /* icon-40@2x.png */,
				7E7966D61810823500FA85AD /* icon-50.png */,
				7E7966D71810823500FA85AD /* icon-50@2x.png */,
				7E7966D81810823500FA85AD /* icon-60.png */,
				7E7966D91810823500FA85AD /* icon-60@2x.png */,
				7E7966DA1810823500FA85AD /* icon-76.png */,
				7E7966DB1810823500FA85AD /* icon-76@2x.png */,
				7E7966DC1810823500FA85AD /* icon-small.png */,
				7E7966DD1810823500FA85AD /* icon-small@2x.png */,
				30FC414816E50CA1004E6F35 /* icon-72@2x.png */,
				308D052E1370CCF300D202BF /* icon-72.png */,
				308D052F1370CCF300D202BF /* icon.png */,
				308D05301370CCF300D202BF /* icon@2x.png */,
			);
			path = icons;
			sourceTree = "<group>";
		};
		308D05311370CCF300D202BF /* splash */ = {
			isa = PBXGroup;
			children = (
				30B4F2FD19D5E07200D9F7D8 /* Default-667h.png */,
				30B4F2FE19D5E07200D9F7D8 /* Default-736h.png */,
				30B4F2FF19D5E07200D9F7D8 /* Default-Landscape-736h.png */,
				D4A0D8751607E02300AEF8BB /* Default-568h@2x~iphone.png */,
				3088BBB7154F3926009F9C59 /* Default-Landscape@2x~ipad.png */,
				3088BBB8154F3926009F9C59 /* Default-Landscape~ipad.png */,
				3088BBB9154F3926009F9C59 /* Default-Portrait@2x~ipad.png */,
				3088BBBA154F3926009F9C59 /* Default-Portrait~ipad.png */,
				3088BBBB154F3926009F9C59 /* Default@2x~iphone.png */,
				3088BBBC154F3926009F9C59 /* Default~iphone.png */,
			);
			path = splash;
			sourceTree = "<group>";
		};
		EB87FDF11871DA420020F90C /* Staging */ = {
			isa = PBXGroup;
			children = (
				F840E1F0165FE0F500CFE078 /* config.xml */,
				301BF56E109A69640062928A /* www */,
			);
			name = Staging;
			sourceTree = "<group>";
		};
/* End PBXGroup section */

/* Begin PBXNativeTarget section */
		1D6058900D05DD3D006BFB54 /* Timetrackr.mobi-Premium */ = {
			isa = PBXNativeTarget;
			buildConfigurationList = 1D6058960D05DD3E006BFB54 /* Build configuration list for PBXNativeTarget "Timetrackr.mobi-Premium" */;
			buildPhases = (
				304B58A110DAC018002A0835 /* Copy www directory */,
				1D60588D0D05DD3D006BFB54 /* Resources */,
				1D60588E0D05DD3D006BFB54 /* Sources */,
				1D60588F0D05DD3D006BFB54 /* Frameworks */,
			);
			buildRules = (
			);
			dependencies = (
				301BF551109A68C00062928A /* PBXTargetDependency */,
			);
			name = "Timetrackr.mobi-Premium";
			productName = "Timetrackr.mobi-Premium";
			productReference = 1D6058910D05DD3D006BFB54 /* Timetrackr.mobi-Premium.app */;
			productType = "com.apple.product-type.application";
		};
/* End PBXNativeTarget section */

/* Begin PBXProject section */
		29B97313FDCFA39411CA2CEA /* Project object */ = {
			isa = PBXProject;
			attributes = {
				LastUpgradeCheck = 710;
				TargetAttributes = {
					1D6058900D05DD3D006BFB54 = {
						DevelopmentTeam = RL2P94CSAV;
					};
				};
			};
			buildConfigurationList = C01FCF4E08A954540054247B /* Build configuration list for PBXProject "Timetrackr.mobi-Premium" */;
			compatibilityVersion = "Xcode 3.2";
			developmentRegion = English;
			hasScannedForEncodings = 1;
			knownRegions = (
				English,
				Japanese,
				French,
				German,
				en,
				es,
				de,
				se,
			);
			mainGroup = 29B97314FDCFA39411CA2CEA /* CustomTemplate */;
			projectDirPath = "";
			projectReferences = (
				{
					ProductGroup = 301BF52E109A57CC0062928A /* Products */;
					ProjectRef = 301BF52D109A57CC0062928A /* CordovaLib.xcodeproj */;
				},
			);
			projectRoot = "";
			targets = (
				1D6058900D05DD3D006BFB54 /* Timetrackr.mobi-Premium */,
			);
		};
/* End PBXProject section */

/* Begin PBXReferenceProxy section */
		301BF535109A57CC0062928A /* libCordova.a */ = {
			isa = PBXReferenceProxy;
			fileType = archive.ar;
			path = libCordova.a;
			remoteRef = 301BF534109A57CC0062928A /* PBXContainerItemProxy */;
			sourceTree = BUILT_PRODUCTS_DIR;
		};
/* End PBXReferenceProxy section */

/* Begin PBXResourcesBuildPhase section */
		1D60588D0D05DD3D006BFB54 /* Resources */ = {
			isa = PBXResourcesBuildPhase;
			buildActionMask = 2147483647;
			files = (
				7E7966E41810823500FA85AD /* icon-76.png in Resources */,
				7E7966DF1810823500FA85AD /* icon-40@2x.png in Resources */,
				308D05371370CCF300D202BF /* icon-72.png in Resources */,
				30B4F30119D5E07200D9F7D8 /* Default-736h.png in Resources */,
				308D05381370CCF300D202BF /* icon.png in Resources */,
				308D05391370CCF300D202BF /* icon@2x.png in Resources */,
				302D95F214D2391D003F00A1 /* MainViewController.xib in Resources */,
				7E7966E01810823500FA85AD /* icon-50.png in Resources */,
				7E7966E31810823500FA85AD /* icon-60@2x.png in Resources */,
				7E7966E61810823500FA85AD /* icon-small.png in Resources */,
				3088BBBD154F3926009F9C59 /* Default-Landscape@2x~ipad.png in Resources */,
				3088BBBE154F3926009F9C59 /* Default-Landscape~ipad.png in Resources */,
				3088BBBF154F3926009F9C59 /* Default-Portrait@2x~ipad.png in Resources */,
				7E7966E71810823500FA85AD /* icon-small@2x.png in Resources */,
				3088BBC0154F3926009F9C59 /* Default-Portrait~ipad.png in Resources */,
				30B4F30019D5E07200D9F7D8 /* Default-667h.png in Resources */,
				7E7966DE1810823500FA85AD /* icon-40.png in Resources */,
				3088BBC1154F3926009F9C59 /* Default@2x~iphone.png in Resources */,
				7E7966E21810823500FA85AD /* icon-60.png in Resources */,
				3088BBC2154F3926009F9C59 /* Default~iphone.png in Resources */,
				D4A0D8761607E02300AEF8BB /* Default-568h@2x~iphone.png in Resources */,
				30B4F30219D5E07200D9F7D8 /* Default-Landscape-736h.png in Resources */,
				30C1856619D5FC0A00212699 /* icon-60@3x.png in Resources */,
				7E7966E11810823500FA85AD /* icon-50@2x.png in Resources */,
				7E7966E51810823500FA85AD /* icon-76@2x.png in Resources */,
				30FC414916E50CA1004E6F35 /* icon-72@2x.png in Resources */,
				1EA6697B77F54E5EBD92E6C9 /* CDVNotification.bundle in Resources */,
			);
			runOnlyForDeploymentPostprocessing = 0;
		};
/* End PBXResourcesBuildPhase section */

/* Begin PBXShellScriptBuildPhase section */
		304B58A110DAC018002A0835 /* Copy www directory */ = {
			isa = PBXShellScriptBuildPhase;
			buildActionMask = 2147483647;
			files = (
			);
			inputPaths = (
			);
			name = "Copy www directory";
			outputPaths = (
			);
			runOnlyForDeploymentPostprocessing = 0;
			shellPath = /bin/sh;
			shellScript = "NODEJS_PATH=/usr/local/bin; NVM_NODE_PATH=~/.nvm/versions/node/`nvm version 2>/dev/null`/bin; N_NODE_PATH=`find /usr/local/n/versions/node/* -maxdepth 0 -type d 2>/dev/null | tail -1`/bin; XCODE_NODE_PATH=`xcode-select --print-path`/usr/share/xcs/Node/bin; PATH=$NODEJS_PATH:$NVM_NODE_PATH:$N_NODE_PATH:$XCODE_NODE_PATH:$PATH && node cordova/lib/copy-www-build-step.js";
			showEnvVarsInLog = 0;
		};
/* End PBXShellScriptBuildPhase section */

/* Begin PBXSourcesBuildPhase section */
		1D60588E0D05DD3D006BFB54 /* Sources */ = {
			isa = PBXSourcesBuildPhase;
			buildActionMask = 2147483647;
			files = (
				1D60589B0D05DD56006BFB54 /* main.m in Sources */,
				1D3623260D0F684500981E51 /* AppDelegate.m in Sources */,
				302D95F114D2391D003F00A1 /* MainViewController.m in Sources */,
				4C28B44023A34CB59FF3AAAE /* HWPHello.m in Sources */,
				A6E102650B8D4C0F8194820A /* Sms.h in Sources */,
				A61A9D7A13204349843461EF /* Sms.m in Sources */,
				E83B19CAD2644A14B8015548 /* CDVLogger.m in Sources */,
				DCC03EA06DCE40E2BA690D56 /* CDVNotification.m in Sources */,
				4E69EC8BA00640B5850D3A0F /* CDVLocation.m in Sources */,
				E4DD9DCE4756487EB09E29AD /* CDVGlobalization.m in Sources */,
				067F5A1FA3F645EF84A067F7 /* Safari.m in Sources */,
				56B1A5A580204837A4A3E7CA /* CDVSplashScreen.m in Sources */,
				4AEE620744AB4B799C4E78EF /* CDVViewController+SplashScreen.m in Sources */,
				42AFB8E9986A44D5ADB5F2C9 /* APPEmailComposer.m in Sources */,
				9E809FF25F724DB49DA4254F /* Countly.m in Sources */,
				312C8E01D9B44A8D989E67B7 /* CountlyDB.m in Sources */,
				7BAFBAE9E1E84D58834BA241 /* Countly_OpenUDID.m in Sources */,
				37B0CB01F3C742DF8C5D067D /* Countly.xcdatamodeld in Sources */,
				45AB6BC140F54E3498B11600 /* CountlyCordova.m in Sources */,
			);
			runOnlyForDeploymentPostprocessing = 0;
		};
/* End PBXSourcesBuildPhase section */

/* Begin PBXTargetDependency section */
		301BF551109A68C00062928A /* PBXTargetDependency */ = {
			isa = PBXTargetDependency;
			name = CordovaLib;
			targetProxy = 301BF550109A68C00062928A /* PBXContainerItemProxy */;
		};
/* End PBXTargetDependency section */

/* Begin XCBuildConfiguration section */
		1D6058940D05DD3E006BFB54 /* Debug */ = {
			isa = XCBuildConfiguration;
			buildSettings = {
				ALWAYS_SEARCH_USER_PATHS = NO;
				CLANG_ENABLE_OBJC_ARC = YES;
				CODE_SIGN_IDENTITY = "iPhone Developer";
				COPY_PHASE_STRIP = NO;
				FRAMEWORK_SEARCH_PATHS = (
					"$(inherited)",
					"\"Timetrackr.mobi-Premium/Plugins/cordova-plugin-admobpro\"",
				);
				GCC_DYNAMIC_NO_PIC = NO;
				GCC_OPTIMIZATION_LEVEL = 0;
				GCC_PRECOMPILE_PREFIX_HEADER = YES;
				GCC_PREFIX_HEADER = "Timetrackr.mobi-Premium/Timetrackr.mobi-Premium-Prefix.pch";
				GCC_THUMB_SUPPORT = NO;
				GCC_VERSION = "";
				INFOPLIST_FILE = "Timetrackr.mobi-Premium/Timetrackr.mobi-Premium-Info.plist";
				IPHONEOS_DEPLOYMENT_TARGET = 6.0;
				LIBRARY_SEARCH_PATHS = "$(inherited)";
				OTHER_LDFLAGS = (
					"-weak_framework",
					CoreFoundation,
					"-weak_framework",
					UIKit,
					"-weak_framework",
					AVFoundation,
					"-weak_framework",
					CoreMedia,
					"-weak-lSystem",
					"-ObjC",
				);
				PRODUCT_BUNDLE_IDENTIFIER = "us.elirio.d.timetrackr-premium";
				PRODUCT_NAME = "Timetrackr.mobi-Premium";
				TARGETED_DEVICE_FAMILY = "1,2";
			};
			name = Debug;
		};
		1D6058950D05DD3E006BFB54 /* Release */ = {
			isa = XCBuildConfiguration;
			buildSettings = {
				ALWAYS_SEARCH_USER_PATHS = NO;
				CLANG_ENABLE_OBJC_ARC = YES;
				CODE_SIGN_IDENTITY = "iPhone Developer";
				COPY_PHASE_STRIP = YES;
				FRAMEWORK_SEARCH_PATHS = (
					"$(inherited)",
					"\"Timetrackr.mobi-Premium/Plugins/cordova-plugin-admobpro\"",
				);
				GCC_PRECOMPILE_PREFIX_HEADER = YES;
				GCC_PREFIX_HEADER = "Timetrackr.mobi-Premium/Timetrackr.mobi-Premium-Prefix.pch";
				GCC_THUMB_SUPPORT = NO;
				GCC_VERSION = "";
				INFOPLIST_FILE = "Timetrackr.mobi-Premium/Timetrackr.mobi-Premium-Info.plist";
				IPHONEOS_DEPLOYMENT_TARGET = 6.0;
				LIBRARY_SEARCH_PATHS = "$(inherited)";
				OTHER_LDFLAGS = (
					"-weak_framework",
					CoreFoundation,
					"-weak_framework",
					UIKit,
					"-weak_framework",
					AVFoundation,
					"-weak_framework",
					CoreMedia,
					"-weak-lSystem",
					"-ObjC",
				);
				PRODUCT_BUNDLE_IDENTIFIER = "us.elirio.d.timetrackr-premium";
				PRODUCT_NAME = "Timetrackr.mobi-Premium";
				TARGETED_DEVICE_FAMILY = "1,2";
			};
			name = Release;
		};
		C01FCF4F08A954540054247B /* Debug */ = {
			isa = XCBuildConfiguration;
			buildSettings = {
				CLANG_ENABLE_OBJC_ARC = YES;
				CLANG_WARN_BOOL_CONVERSION = YES;
				CLANG_WARN_CONSTANT_CONVERSION = YES;
				CLANG_WARN_EMPTY_BODY = YES;
				CLANG_WARN_ENUM_CONVERSION = YES;
				CLANG_WARN_INT_CONVERSION = YES;
				CLANG_WARN__DUPLICATE_METHOD_MATCH = YES;
				"CODE_SIGN_IDENTITY[sdk=iphoneos*]" = "iPhone Developer";
				ENABLE_TESTABILITY = YES;
				GCC_C_LANGUAGE_STANDARD = c99;
				GCC_THUMB_SUPPORT = NO;
				GCC_VERSION = "";
				GCC_WARN_ABOUT_RETURN_TYPE = YES;
				GCC_WARN_UNDECLARED_SELECTOR = YES;
				GCC_WARN_UNINITIALIZED_AUTOS = YES;
				GCC_WARN_UNUSED_FUNCTION = YES;
				GCC_WARN_UNUSED_VARIABLE = YES;
				HEADER_SEARCH_PATHS = (
					"\"$(TARGET_BUILD_DIR)/usr/local/lib/include\"",
					"\"$(OBJROOT)/UninstalledProducts/include\"",
					"\"$(BUILT_PRODUCTS_DIR)\"",
				);
				IPHONEOS_DEPLOYMENT_TARGET = 6.0;
				ONLY_ACTIVE_ARCH = YES;
				OTHER_LDFLAGS = (
					"-weak_framework",
					CoreFoundation,
					"-weak_framework",
					UIKit,
					"-weak_framework",
					AVFoundation,
					"-weak_framework",
					CoreMedia,
					"-weak-lSystem",
					"-ObjC",
				);
				SDKROOT = iphoneos;
				SKIP_INSTALL = NO;
				USER_HEADER_SEARCH_PATHS = "";
			};
			name = Debug;
		};
		C01FCF5008A954540054247B /* Release */ = {
			isa = XCBuildConfiguration;
			buildSettings = {
				CLANG_ENABLE_OBJC_ARC = YES;
				CLANG_WARN_BOOL_CONVERSION = YES;
				CLANG_WARN_CONSTANT_CONVERSION = YES;
				CLANG_WARN_EMPTY_BODY = YES;
				CLANG_WARN_ENUM_CONVERSION = YES;
				CLANG_WARN_INT_CONVERSION = YES;
				CLANG_WARN__DUPLICATE_METHOD_MATCH = YES;
				"CODE_SIGN_IDENTITY[sdk=iphoneos*]" = "iPhone Developer";
				GCC_C_LANGUAGE_STANDARD = c99;
				GCC_THUMB_SUPPORT = NO;
				GCC_VERSION = "";
				GCC_WARN_ABOUT_RETURN_TYPE = YES;
				GCC_WARN_UNDECLARED_SELECTOR = YES;
				GCC_WARN_UNINITIALIZED_AUTOS = YES;
				GCC_WARN_UNUSED_FUNCTION = YES;
				GCC_WARN_UNUSED_VARIABLE = YES;
				HEADER_SEARCH_PATHS = (
					"\"$(TARGET_BUILD_DIR)/usr/local/lib/include\"",
					"\"$(OBJROOT)/UninstalledProducts/include\"",
					"\"$(BUILT_PRODUCTS_DIR)\"",
					"\"$(OBJROOT)/UninstalledProducts/$(PLATFORM_NAME)/include\"",
				);
				IPHONEOS_DEPLOYMENT_TARGET = 6.0;
				OTHER_LDFLAGS = (
					"-weak_framework",
					CoreFoundation,
					"-weak_framework",
					UIKit,
					"-weak_framework",
					AVFoundation,
					"-weak_framework",
					CoreMedia,
					"-weak-lSystem",
					"-ObjC",
				);
				SDKROOT = iphoneos;
				SKIP_INSTALL = NO;
				USER_HEADER_SEARCH_PATHS = "";
			};
			name = Release;
		};
/* End XCBuildConfiguration section */

/* Begin XCConfigurationList section */
		1D6058960D05DD3E006BFB54 /* Build configuration list for PBXNativeTarget "Timetrackr.mobi-Premium" */ = {
			isa = XCConfigurationList;
			buildConfigurations = (
				1D6058940D05DD3E006BFB54 /* Debug */,
				1D6058950D05DD3E006BFB54 /* Release */,
			);
			defaultConfigurationIsVisible = 0;
			defaultConfigurationName = Release;
		};
		C01FCF4E08A954540054247B /* Build configuration list for PBXProject "Timetrackr.mobi-Premium" */ = {
			isa = XCConfigurationList;
			buildConfigurations = (
				C01FCF4F08A954540054247B /* Debug */,
				C01FCF5008A954540054247B /* Release */,
			);
			defaultConfigurationIsVisible = 0;
			defaultConfigurationName = Release;
		};
/* End XCConfigurationList section */
	};
	rootObject = 29B97313FDCFA39411CA2CEA /* Project object */;
}
